
Microsoft Visual Studio Solution File, Format Version 12.00
# Visual Studio Version 16
VisualStudioVersion = 16.0.30611.23
MinimumVisualStudioVersion = 10.0.40219.1
Project("{FAE04EC0-301F-11D3-BF4B-00C04F79EFBC}") = "PracowniaProgramowaniaServer", "PracowniaProgramowaniaServer\PracowniaProgramowaniaServer.csproj", "{26D1B8B4-CBC1-4F8E-ACA9-5CA591D26CD3}"
EndProject
Project("{FAE04EC0-301F-11D3-BF4B-00C04F79EFBC}") = "P.P.Database", "P.P.Database\P.P.Database.csproj", "{A0CDAF0E-9BE9-4E2B-A4BD-D70A07B772FA}"
EndProject
Project("{FAE04EC0-301F-11D3-BF4B-00C04F79EFBC}") = "PracowniaProgramowaniaServer.Logic", "PracowniaProgramowaniaServer.Logic\PracowniaProgramowaniaServer.Logic.csproj", "{4A332F01-B9D1-49E6-8D71-EAAF6CD11E5E}"
EndProject
Global
	GlobalSection(SolutionConfigurationPlatforms) = preSolution
		Debug|Any CPU = Debug|Any CPU
		Release|Any CPU = Release|Any CPU
	EndGlobalSection
	GlobalSection(ProjectConfigurationPlatforms) = postSolution
		{26D1B8B4-CBC1-4F8E-ACA9-5CA591D26CD3}.Debug|Any CPU.ActiveCfg = Debug|Any CPU
		{26D1B8B4-CBC1-4F8E-ACA9-5CA591D26CD3}.Debug|Any CPU.Build.0 = Debug|Any CPU
		{26D1B8B4-CBC1-4F8E-ACA9-5CA591D26CD3}.Release|Any CPU.ActiveCfg = Release|Any CPU
		{26D1B8B4-CBC1-4F8E-ACA9-5CA591D26CD3}.Release|Any CPU.Build.0 = Release|Any CPU
		{A0CDAF0E-9BE9-4E2B-A4BD-D70A07B772FA}.Debug|Any CPU.ActiveCfg = Debug|Any CPU
		{A0CDAF0E-9BE9-4E2B-A4BD-D70A07B772FA}.Debug|Any CPU.Build.0 = Debug|Any CPU
		{A0CDAF0E-9BE9-4E2B-A4BD-D70A07B772FA}.Release|Any CPU.ActiveCfg = Release|Any CPU
		{A0CDAF0E-9BE9-4E2B-A4BD-D70A07B772FA}.Release|Any CPU.Build.0 = Release|Any CPU
		{4A332F01-B9D1-49E6-8D71-EAAF6CD11E5E}.Debug|Any CPU.ActiveCfg = Debug|Any CPU
		{4A332F01-B9D1-49E6-8D71-EAAF6CD11E5E}.Debug|Any CPU.Build.0 = Debug|Any CPU
		{4A332F01-B9D1-49E6-8D71-EAAF6CD11E5E}.Release|Any CPU.ActiveCfg = Release|Any CPU
		{4A332F01-B9D1-49E6-8D71-EAAF6CD11E5E}.Release|Any CPU.Build.0 = Release|Any CPU
	EndGlobalSection
	GlobalSection(SolutionProperties) = preSolution
		HideSolutionNode = FALSE
	EndGlobalSection
	GlobalSection(ExtensibilityGlobals) = postSolution
		SolutionGuid = {CC601A01-2099-4194-AC6B-3372F5A5A07B}
	EndGlobalSection
EndGlobal
